<?xml version="1.0" encoding="utf-8"?>
<Project ToolsVersion="4.0" xmlns="http://schemas.microsoft.com/developer/msbuild/2003">
  <ItemGroup>
    <Filter Include="Source Files">
      <UniqueIdentifier>{4FC737F1-C7A5-4376-A066-2A32D752A2FF}</UniqueIdentifier>
      <Extensions>cpp;c;cc;cxx;def;odl;idl;hpj;bat;asm;asmx</Extensions>
    </Filter>
    <Filter Include="Header Files">
      <UniqueIdentifier>{93995380-89BD-4b04-88EB-625FBE52EBFB}</UniqueIdentifier>
      <Extensions>h;hh;hpp;hxx;hm;inl;inc;xsd</Extensions>
    </Filter>
    <Filter Include="Resource Files">
      <UniqueIdentifier>{67DA6AB6-F800-4c08-8B7A-83BB121AAD01}</UniqueIdentifier>
      <Extensions>rc;ico;cur;bmp;dlg;rc2;rct;bin;rgs;gif;jpg;jpeg;jpe;resx;tiff;tif;png;wav;mfcribbon-ms</Extensions>
    </Filter>
    <Filter Include="Header Files\UI Core">
      <UniqueIdentifier>{ba6634c9-b090-4a58-879b-2eae1c5e4cbc}</UniqueIdentifier>
    </Filter>
    <Filter Include="Source Files\UI Core">
      <UniqueIdentifier>{8e27ab60-3f9c-4462-b900-e2e396f6f152}</UniqueIdentifier>
    </Filter>
    <Filter Include="Header Files\UI">
      <UniqueIdentifier>{4b02b4b3-2d88-4078-ac72-af86d9bea2e1}</UniqueIdentifier>
    </Filter>
    <Filter Include="Source Files\UI">
      <UniqueIdentifier>{36e7f44d-1d18-4f61-8ad1-6a97e834f0f2}</UniqueIdentifier>
    </Filter>
    <Filter Include="Header Files\Map">
      <UniqueIdentifier>{b398f31b-b8f6-4d13-88e8-bb4ad4c7b336}</UniqueIdentifier>
    </Filter>
    <Filter Include="Source Files\Map">
      <UniqueIdentifier>{cbfc5601-1e6f-4cd1-8040-cf4f4b66a0ee}</UniqueIdentifier>
    </Filter>
    <Filter Include="Header Files\Stream">
      <UniqueIdentifier>{bfd03563-8c6a-408c-b124-60bf69dc5c74}</UniqueIdentifier>
    </Filter>
    <Filter Include="Source Files\Stream">
      <UniqueIdentifier>{d7b5076a-7cbf-4716-8a4f-71a22c398fb9}</UniqueIdentifier>
    </Filter>
  </ItemGroup>
  <ItemGroup>
    <ClInclude Include="..\..\src\Defaults.h">
      <Filter>Header Files</Filter>
    </ClInclude>
    <ClInclude Include="..\..\src\EditorState.h">
      <Filter>Header Files</Filter>
    </ClInclude>
    <ClInclude Include="..\..\src\Pattern.h">
      <Filter>Header Files</Filter>
    </ClInclude>
    <ClInclude Include="..\..\src\StartState.h">
      <Filter>Header Files</Filter>
    </ClInclude>
    <ClInclude Include="..\..\src\Common.h">
      <Filter>Header Files</Filter>
    </ClInclude>
    <ClInclude Include="resource.h">
      <Filter>Header Files</Filter>
    </ClInclude>
    <ClInclude Include="..\..\src\Button.h">
      <Filter>Header Files\UI Core</Filter>
    </ClInclude>
    <ClInclude Include="..\..\src\Control.h">
      <Filter>Header Files\UI Core</Filter>
    </ClInclude>
    <ClInclude Include="..\..\src\TextField.h">
      <Filter>Header Files\UI Core</Filter>
    </ClInclude>
    <ClInclude Include="..\..\src\TilePalette.h">
      <Filter>Header Files\UI</Filter>
    </ClInclude>
    <ClInclude Include="..\..\src\ToolBar.h">
      <Filter>Header Files\UI</Filter>
    </ClInclude>
    <ClInclude Include="..\..\src\MiniMap.h">
      <Filter>Header Files\UI</Filter>
    </ClInclude>
    <ClInclude Include="..\..\src\Tileset.h">
      <Filter>Resource Files</Filter>
    </ClInclude>
    <ClInclude Include="..\..\src\Map\MapFile.h">
      <Filter>Header Files\Map</Filter>
    </ClInclude>
    <ClInclude Include="..\..\src\Map\TileGroup.h">
      <Filter>Header Files\Map</Filter>
    </ClInclude>
    <ClInclude Include="..\..\src\Map\TileSet.h">
      <Filter>Header Files\Map</Filter>
    </ClInclude>
    <ClInclude Include="..\..\src\Map\TileSetManager.h">
      <Filter>Header Files\Map</Filter>
    </ClInclude>
    <ClInclude Include="..\..\src\Stream\StreamReader.h">
      <Filter>Header Files\Stream</Filter>
    </ClInclude>
    <ClInclude Include="..\..\src\Stream\StreamWriter.h">
      <Filter>Header Files\Stream</Filter>
    </ClInclude>
    <ClInclude Include="..\..\src\Map\color_table.h">
      <Filter>Header Files\Map</Filter>
    </ClInclude>
    <ClInclude Include="..\..\src\Map\cell_types.h">
      <Filter>Header Files\Map</Filter>
    </ClInclude>
    <ClInclude Include="..\..\src\ListBox.h">
      <Filter>Header Files\UI Core</Filter>
    </ClInclude>
    <ClInclude Include="..\..\src\Slider.h">
      <Filter>Header Files\UI Core</Filter>
    </ClInclude>
    <ClInclude Include="..\..\src\UIContainer.h">
      <Filter>Header Files\UI Core</Filter>
    </ClInclude>
    <ClInclude Include="..\..\src\TextArea.h">
      <Filter>Header Files\UI</Filter>
    </ClInclude>
    <ClInclude Include="..\..\src\Strings.h">
      <Filter>Header Files</Filter>
    </ClInclude>
    <ClInclude Include="..\..\src\Window.h">
      <Filter>Header Files\UI Core</Filter>
    </ClInclude>
  </ItemGroup>
  <ItemGroup>
    <ClCompile Include="..\..\src\EditorState.cpp">
      <Filter>Source Files</Filter>
    </ClCompile>
    <ClCompile Include="..\..\src\main.cpp">
      <Filter>Source Files</Filter>
    </ClCompile>
    <ClCompile Include="..\..\src\StartState.cpp">
      <Filter>Source Files</Filter>
    </ClCompile>
    <ClCompile Include="..\..\src\Common.cpp">
      <Filter>Source Files</Filter>
    </ClCompile>
    <ClCompile Include="..\..\src\Button.cpp">
      <Filter>Source Files\UI Core</Filter>
    </ClCompile>
    <ClCompile Include="..\..\src\Control.cpp">
      <Filter>Source Files\UI Core</Filter>
    </ClCompile>
    <ClCompile Include="..\..\src\TextField.cpp">
      <Filter>Source Files\UI Core</Filter>
    </ClCompile>
    <ClCompile Include="..\..\src\TilePalette.cpp">
      <Filter>Source Files\UI</Filter>
    </ClCompile>
    <ClCompile Include="..\..\src\ToolBar.cpp">
      <Filter>Source Files\UI</Filter>
    </ClCompile>
    <ClCompile Include="..\..\src\MiniMap.cpp">
      <Filter>Source Files\UI</Filter>
    </ClCompile>
    <ClCompile Include="..\..\src\Map\MapFile.cpp">
      <Filter>Source Files\Map</Filter>
    </ClCompile>
    <ClCompile Include="..\..\src\Map\TileGroup.cpp">
      <Filter>Source Files\Map</Filter>
    </ClCompile>
    <ClCompile Include="..\..\src\Map\TileSet.cpp">
      <Filter>Source Files\Map</Filter>
    </ClCompile>
    <ClCompile Include="..\..\src\Map\TileSetManager.cpp">
      <Filter>Source Files\Map</Filter>
    </ClCompile>
    <ClCompile Include="..\..\src\Stream\StreamReader.cpp">
      <Filter>Source Files\Stream</Filter>
    </ClCompile>
    <ClCompile Include="..\..\src\Map\color_table.cpp">
      <Filter>Source Files\Map</Filter>
    </ClCompile>
    <ClCompile Include="..\..\src\Map\cell_types.cpp">
      <Filter>Source Files\Map</Filter>
    </ClCompile>
    <ClCompile Include="..\..\src\ListBox.cpp">
      <Filter>Source Files\UI Core</Filter>
    </ClCompile>
    <ClCompile Include="..\..\src\Slider.cpp">
      <Filter>Source Files\UI Core</Filter>
    </ClCompile>
    <ClCompile Include="..\..\src\UIContainer.cpp">
      <Filter>Source Files\UI Core</Filter>
    </ClCompile>
    <ClCompile Include="..\..\src\TextArea.cpp">
      <Filter>Source Files\UI Core</Filter>
    </ClCompile>
    <ClCompile Include="..\..\src\Window.cpp">
      <Filter>Source Files\UI Core</Filter>
    </ClCompile>
  </ItemGroup>
  <ItemGroup>
    <ResourceCompile Include="Landlord.rc">
      <Filter>Resource Files</Filter>
    </ResourceCompile>
  </ItemGroup>
  <ItemGroup>
    <Image Include="lom_tools.ico">
      <Filter>Resource Files</Filter>
    </Image>
  </ItemGroup>
</Project>